
Microsoft Visual Studio Solution File, Format Version 12.00
# Visual Studio Version 16
VisualStudioVersion = 16.0.30114.105
MinimumVisualStudioVersion = 10.0.40219.1
Project("{2150E333-8FDC-42A3-9474-1A3956D46DE8}") = "src", "src", "{66F59723-311B-4F39-80B5-DA3070F4309F}"
EndProject
Project("{FAE04EC0-301F-11D3-BF4B-00C04F79EFBC}") = "Aton.UserManagement.Api", "src\Aton.UserManagement.Api\Aton.UserManagement.Api.csproj", "{A81B5635-C0CA-4AA2-AD1D-D91288A2C43A}"
EndProject
Project("{FAE04EC0-301F-11D3-BF4B-00C04F79EFBC}") = "Aton.UserManagement.Dal", "src\Aton.UserManagement.Dal\Aton.UserManagement.Dal.csproj", "{0AFAE29D-045E-468B-AFFF-4D3630906776}"
EndProject
Project("{FAE04EC0-301F-11D3-BF4B-00C04F79EFBC}") = "Aton.UserManagement.Bll", "src\Aton.UserManagement.Bll\Aton.UserManagement.Bll.csproj", "{EFA050F1-DE1F-41C8-9A48-9571B74F921B}"
EndProject
Project("{2150E333-8FDC-42A3-9474-1A3956D46DE8}") = "common", "common", "{BD08B317-F09B-4C4F-9552-CD4323D3610F}"
	ProjectSection(SolutionItems) = preProject
		docker-compose.yml = docker-compose.yml
		README.md = README.md
	EndProjectSection
EndProject
Global
	GlobalSection(SolutionConfigurationPlatforms) = preSolution
		Debug|Any CPU = Debug|Any CPU
		Release|Any CPU = Release|Any CPU
	EndGlobalSection
	GlobalSection(SolutionProperties) = preSolution
		HideSolutionNode = FALSE
	EndGlobalSection
	GlobalSection(ProjectConfigurationPlatforms) = postSolution
		{A81B5635-C0CA-4AA2-AD1D-D91288A2C43A}.Debug|Any CPU.ActiveCfg = Debug|Any CPU
		{A81B5635-C0CA-4AA2-AD1D-D91288A2C43A}.Debug|Any CPU.Build.0 = Debug|Any CPU
		{A81B5635-C0CA-4AA2-AD1D-D91288A2C43A}.Release|Any CPU.ActiveCfg = Release|Any CPU
		{A81B5635-C0CA-4AA2-AD1D-D91288A2C43A}.Release|Any CPU.Build.0 = Release|Any CPU
		{0AFAE29D-045E-468B-AFFF-4D3630906776}.Debug|Any CPU.ActiveCfg = Debug|Any CPU
		{0AFAE29D-045E-468B-AFFF-4D3630906776}.Debug|Any CPU.Build.0 = Debug|Any CPU
		{0AFAE29D-045E-468B-AFFF-4D3630906776}.Release|Any CPU.ActiveCfg = Release|Any CPU
		{0AFAE29D-045E-468B-AFFF-4D3630906776}.Release|Any CPU.Build.0 = Release|Any CPU
		{EFA050F1-DE1F-41C8-9A48-9571B74F921B}.Debug|Any CPU.ActiveCfg = Debug|Any CPU
		{EFA050F1-DE1F-41C8-9A48-9571B74F921B}.Debug|Any CPU.Build.0 = Debug|Any CPU
		{EFA050F1-DE1F-41C8-9A48-9571B74F921B}.Release|Any CPU.ActiveCfg = Release|Any CPU
		{EFA050F1-DE1F-41C8-9A48-9571B74F921B}.Release|Any CPU.Build.0 = Release|Any CPU
	EndGlobalSection
	GlobalSection(NestedProjects) = preSolution
		{A81B5635-C0CA-4AA2-AD1D-D91288A2C43A} = {66F59723-311B-4F39-80B5-DA3070F4309F}
		{0AFAE29D-045E-468B-AFFF-4D3630906776} = {66F59723-311B-4F39-80B5-DA3070F4309F}
		{EFA050F1-DE1F-41C8-9A48-9571B74F921B} = {66F59723-311B-4F39-80B5-DA3070F4309F}
	EndGlobalSection
EndGlobal
